
Microsoft Visual Studio Solution File, Format Version 12.00
# Visual Studio Version 17
VisualStudioVersion = 17.7.34009.444
MinimumVisualStudioVersion = 10.0.40219.1
Project("{9A19103F-16F7-4668-BE54-9A1E7A4F7556}") = "PayrollManagement.Domain", "PayrollManagement.Domain\PayrollManagement.Domain.csproj", "{4836A3CD-5AFA-4367-91D8-56262DCD3E4E}"
EndProject
Project("{9A19103F-16F7-4668-BE54-9A1E7A4F7556}") = "PayrollManagement.Application", "PayrollManagement.Application\PayrollManagement.Application.csproj", "{511BB679-31BA-4635-9C73-A7DDC5B4F09D}"
EndProject
Project("{FAE04EC0-301F-11D3-BF4B-00C04F79EFBC}") = "PayrollManagement.Infraestructure", "PayrollManagement.Infraestructure\PayrollManagement.Infraestructure.csproj", "{8A8FC32B-5AC8-4143-8314-27489C5CAA8B}"
EndProject
Project("{FAE04EC0-301F-11D3-BF4B-00C04F79EFBC}") = "PayrollManagement.API", "PayrollManagement.API\PayrollManagement.API.csproj", "{B5697CFD-BDAD-49AA-BA6A-5E912590904F}"
EndProject
Global
	GlobalSection(SolutionConfigurationPlatforms) = preSolution
		Debug|Any CPU = Debug|Any CPU
		Release|Any CPU = Release|Any CPU
	EndGlobalSection
	GlobalSection(ProjectConfigurationPlatforms) = postSolution
		{4836A3CD-5AFA-4367-91D8-56262DCD3E4E}.Debug|Any CPU.ActiveCfg = Debug|Any CPU
		{4836A3CD-5AFA-4367-91D8-56262DCD3E4E}.Debug|Any CPU.Build.0 = Debug|Any CPU
		{4836A3CD-5AFA-4367-91D8-56262DCD3E4E}.Release|Any CPU.ActiveCfg = Release|Any CPU
		{4836A3CD-5AFA-4367-91D8-56262DCD3E4E}.Release|Any CPU.Build.0 = Release|Any CPU
		{511BB679-31BA-4635-9C73-A7DDC5B4F09D}.Debug|Any CPU.ActiveCfg = Debug|Any CPU
		{511BB679-31BA-4635-9C73-A7DDC5B4F09D}.Debug|Any CPU.Build.0 = Debug|Any CPU
		{511BB679-31BA-4635-9C73-A7DDC5B4F09D}.Release|Any CPU.ActiveCfg = Release|Any CPU
		{511BB679-31BA-4635-9C73-A7DDC5B4F09D}.Release|Any CPU.Build.0 = Release|Any CPU
		{8A8FC32B-5AC8-4143-8314-27489C5CAA8B}.Debug|Any CPU.ActiveCfg = Debug|Any CPU
		{8A8FC32B-5AC8-4143-8314-27489C5CAA8B}.Debug|Any CPU.Build.0 = Debug|Any CPU
		{8A8FC32B-5AC8-4143-8314-27489C5CAA8B}.Release|Any CPU.ActiveCfg = Release|Any CPU
		{8A8FC32B-5AC8-4143-8314-27489C5CAA8B}.Release|Any CPU.Build.0 = Release|Any CPU
		{B5697CFD-BDAD-49AA-BA6A-5E912590904F}.Debug|Any CPU.ActiveCfg = Debug|Any CPU
		{B5697CFD-BDAD-49AA-BA6A-5E912590904F}.Debug|Any CPU.Build.0 = Debug|Any CPU
		{B5697CFD-BDAD-49AA-BA6A-5E912590904F}.Release|Any CPU.ActiveCfg = Release|Any CPU
		{B5697CFD-BDAD-49AA-BA6A-5E912590904F}.Release|Any CPU.Build.0 = Release|Any CPU
	EndGlobalSection
	GlobalSection(SolutionProperties) = preSolution
		HideSolutionNode = FALSE
	EndGlobalSection
	GlobalSection(ExtensibilityGlobals) = postSolution
		SolutionGuid = {8CB581B6-3B24-4239-BCC1-A3866534484A}
	EndGlobalSection
EndGlobal
